{
  "name": "github-nvim-theme",
  "lockfileVersion": 3,
  "requires": true,
  "packages": {
    "": {
      "name": "github-nvim-theme",
      "dependencies": {
        "@primer/primitives": "^7.11.12"
      }
    },
    "node_modules/@primer/primitives": {
      "version": "7.11.12",
      "resolved": "https://registry.npmjs.org/@primer/primitives/-/primitives-7.11.12.tgz",
      "integrity": "sha512-AvTiuLHvvby2KPZbwwJ7GrtRJYgWyepF6XAOMw7G7Kc2iP3E32OHmaFukwh3gY+OqwcxY7st2tHWll2brk1vfQ=="
    }
  }
}
