{
  "name": "github-nvim-theme",
  "lockfileVersion": 3,
  "requires": true,
  "packages": {
    "": {
      "name": "github-nvim-theme",
      "dependencies": {
        "@primer/primitives": "^7.11.14"
      }
    },
    "node_modules/@primer/primitives": {
      "version": "7.11.14",
      "resolved": "https://registry.npmjs.org/@primer/primitives/-/primitives-7.11.14.tgz",
      "integrity": "sha512-z/yUTEkbGhvFqoJ8rpLz3pHJfLNRdoyNd/xNdAl/LKqA97Z60tsSVJMfxNMXi3aS9dCIC1dexK5/Gp4y9JrRkg=="
    }
  }
}
