{
  "name": "github-nvim-theme",
  "version": "0.0.7",
  "lockfileVersion": 3,
  "requires": true,
  "packages": {
    "": {
      "name": "github-nvim-theme",
      "version": "0.0.7",
      "dependencies": {
        "@primer/primitives": "^7.11.10"
      }
    },
    "node_modules/@primer/primitives": {
      "version": "7.11.10",
      "resolved": "https://registry.npmjs.org/@primer/primitives/-/primitives-7.11.10.tgz",
      "integrity": "sha512-KwChxyp4qbLojZx5Nz8RUElM9K+ObzZWvzkYEu76TC4qEsqb9wW7n78jyov5WhUh5+qj2Qac1iCsPfeTQG5YBw=="
    }
  }
}
